<Project ToolsVersion="4.0" xmlns="http://schemas.microsoft.com/developer/msbuild/2003">
  <ItemGroup>
    <Filter Include="Source Files">
      <UniqueIdentifier>{4FC737F1-C7A5-4376-A066-2A32D752A2FF}</UniqueIdentifier>
      <Extensions>cpp;c;cc;cxx;def;odl;idl;hpj;bat;asm;asmx</Extensions>
    </Filter>
    <Filter Include="Source Files\imnodes">
      <UniqueIdentifier>{8a2a34da-1b4e-4fb7-b2e8-cb8d1ae2f1ab}</UniqueIdentifier>
    </Filter>
    <Filter Include="Source Files\ImPlot">
      <UniqueIdentifier>{725b3832-90bb-431a-88c8-8d657fa79145}</UniqueIdentifier>
    </Filter>
    <Filter Include="Source Files\OpenCV4">
      <UniqueIdentifier>{48fdb7f5-3d92-426b-adab-52f5b6d8035f}</UniqueIdentifier>
    </Filter>
    <Filter Include="Source Files\OSC">
      <UniqueIdentifier>{abaf0ec1-ab2a-4960-a17c-c11c16ba45c2}</UniqueIdentifier>
    </Filter>
    <Filter Include="Source Files\Zdepth">
      <UniqueIdentifier>{ce5a8a1c-3779-4f19-9e85-5c48be21d3e0}</UniqueIdentifier>
    </Filter>
    <Filter Include="Source Files\Zdepth\zstd">
      <UniqueIdentifier>{2d4c67a0-b793-41f2-98c6-2eae5d2233c4}</UniqueIdentifier>
    </Filter>
    <Filter Include="Source Files\audio">
      <UniqueIdentifier>{e98d5b02-be2d-4710-90c7-9324f048d574}</UniqueIdentifier>
    </Filter>
    <Filter Include="Source Files\Cinder-PortAudio">
      <UniqueIdentifier>{223213AE-CA60-45EE-B27E-42AF8DFB5A61}</UniqueIdentifier>
    </Filter>
    <Filter Include="Source Files\Cinder-PortAudio\src">
      <UniqueIdentifier>{3224F40D-BEBF-4A3B-8F96-3E811CC6F034}</UniqueIdentifier>
    </Filter>
    <Filter Include="Source Files\Cinder-PortAudio\src\cinder">
      <UniqueIdentifier>{66EA68CE-2F14-4EDB-9204-4ACF8145B73A}</UniqueIdentifier>
    </Filter>
    <Filter Include="Source Files\Cinder-PortAudio\src\cinder\audio">
      <UniqueIdentifier>{92DFD015-ECF5-4043-96B1-0B15AD2FE32E}</UniqueIdentifier>
    </Filter>
    <Filter Include="Source Files\Cinder-PortAudio\lib">
      <UniqueIdentifier>{F7F5F361-08B4-45D0-8F93-7F71FA9CFF37}</UniqueIdentifier>
    </Filter>
    <Filter Include="Source Files\Cinder-PortAudio\lib\portaudio">
      <UniqueIdentifier>{C0001FEB-7FC0-4061-8F4F-B6FB8EF0EC1C}</UniqueIdentifier>
    </Filter>
    <Filter Include="Source Files\Cinder-PortAudio\lib\portaudio\include">
      <UniqueIdentifier>{FAEDE631-292B-4FEC-BC6E-3C0322C36BC1}</UniqueIdentifier>
    </Filter>
    <Filter Include="Source Files\Cinder-PortAudio\lib\portaudio\src">
      <UniqueIdentifier>{C286FFD7-066A-4348-A04F-38343460703C}</UniqueIdentifier>
    </Filter>
    <Filter Include="Source Files\SimpleWebsocketServer">
      <UniqueIdentifier>{56d78b9e-1631-4651-a65c-05170701e5d5}</UniqueIdentifier>
    </Filter>
    <Filter Include="Source Files\ByteTrack">
      <UniqueIdentifier>{f01fda4c-d197-4e0b-917a-4b1d1d9896b8}</UniqueIdentifier>
    </Filter>
    <Filter Include="Source Files\Cinder-PortAudio\lib\portaudio\src\common">
      <UniqueIdentifier>{fba32f9b-8c18-4a1c-837e-f59241718c22}</UniqueIdentifier>
    </Filter>
    <Filter Include="Source Files\Cinder-PortAudio\lib\portaudio\src\hostapi">
      <UniqueIdentifier>{c11f951f-8710-4fc1-8741-65687e6bdc51}</UniqueIdentifier>
    </Filter>
    <Filter Include="Source Files\Cinder-PortAudio\lib\portaudio\src\hostapi\win">
      <UniqueIdentifier>{03dd8c29-5c06-42bf-9e0a-836f7ada6ef2}</UniqueIdentifier>
    </Filter>
    <Filter Include="Source Files\dmx">
      <UniqueIdentifier>{3819ba1a-3005-45c8-a0d5-62de6928b6be}</UniqueIdentifier>
    </Filter>
    <Filter Include="Source Files\utils">
      <UniqueIdentifier>{72c7727e-523c-487e-94e9-c2cac8cdce57}</UniqueIdentifier>
    </Filter>
    <Filter Include="Source Files\filter">
      <UniqueIdentifier>{75084c31-09ff-43d5-90db-a53444e78387}</UniqueIdentifier>
    </Filter>
    <Filter Include="Source Files\LDRobot">
      <UniqueIdentifier>{67da2b98-39d6-4733-a417-46ff7fbdc3d6}</UniqueIdentifier>
    </Filter>
    <Filter Include="Source Files\LDRobot\src">
      <UniqueIdentifier>{ba999d94-45e5-46b1-a973-14f2d8debff0}</UniqueIdentifier>
    </Filter>
    <Filter Include="Source Files\LDRobot\include">
      <UniqueIdentifier>{15c57027-a284-42bf-b86c-e729ed37d70b}</UniqueIdentifier>
    </Filter>
    <Filter Include="Source Files\Cinder-PortAudio\lib\[optional] ASIOSDK">
      <UniqueIdentifier>{84e8743c-b410-4cc3-88f8-3e39fe3e71ea}</UniqueIdentifier>
    </Filter>
    <Filter Include="Source Files\libzmq">
      <UniqueIdentifier>{68f30a90-eaec-4cbd-be15-e59aa0b2cf69}</UniqueIdentifier>
    </Filter>
    <Filter Include="Source Files\oneTBB">
      <UniqueIdentifier>{192a168a-1343-4c0b-a104-8ed6f34e3dce}</UniqueIdentifier>
    </Filter>
  </ItemGroup>
  <ItemGroup>
    <ClCompile Include="..\3rd\imnodes\imnodes.cpp">
      <Filter>Source Files\imnodes</Filter>
    </ClCompile>
    <ClCompile Include="..\3rd\ImPlot\implot.cpp">
      <Filter>Source Files\ImPlot</Filter>
    </ClCompile>
    <ClCompile Include="..\3rd\ImPlot\implot_demo.cpp">
      <Filter>Source Files\ImPlot</Filter>
    </ClCompile>
    <ClCompile Include="..\3rd\ImPlot\implot_items.cpp">
      <Filter>Source Files\ImPlot</Filter>
    </ClCompile>
    <ClCompile Include="..\3rd\Zdepth\src\zdepth.cpp">
      <Filter>Source Files\Zdepth</Filter>
    </ClCompile>
    <ClCompile Include="..\3rd\Zdepth\zstd\src\debug.c">
      <Filter>Source Files\Zdepth\zstd</Filter>
    </ClCompile>
    <ClCompile Include="..\3rd\Zdepth\zstd\src\entropy_common.c">
      <Filter>Source Files\Zdepth\zstd</Filter>
    </ClCompile>
    <ClCompile Include="..\3rd\Zdepth\zstd\src\error_private.c">
      <Filter>Source Files\Zdepth\zstd</Filter>
    </ClCompile>
    <ClCompile Include="..\3rd\Zdepth\zstd\src\fse_compress.c">
      <Filter>Source Files\Zdepth\zstd</Filter>
    </ClCompile>
    <ClCompile Include="..\3rd\Zdepth\zstd\src\fse_decompress.c">
      <Filter>Source Files\Zdepth\zstd</Filter>
    </ClCompile>
    <ClCompile Include="..\3rd\Zdepth\zstd\src\hist.c">
      <Filter>Source Files\Zdepth\zstd</Filter>
    </ClCompile>
    <ClCompile Include="..\3rd\Zdepth\zstd\src\huf_compress.c">
      <Filter>Source Files\Zdepth\zstd</Filter>
    </ClCompile>
    <ClCompile Include="..\3rd\Zdepth\zstd\src\huf_decompress.c">
      <Filter>Source Files\Zdepth\zstd</Filter>
    </ClCompile>
    <ClCompile Include="..\3rd\Zdepth\zstd\src\pool.c">
      <Filter>Source Files\Zdepth\zstd</Filter>
    </ClCompile>
    <ClCompile Include="..\3rd\Zdepth\zstd\src\threading.c">
      <Filter>Source Files\Zdepth\zstd</Filter>
    </ClCompile>
    <ClCompile Include="..\3rd\Zdepth\zstd\src\xxhash.c">
      <Filter>Source Files\Zdepth\zstd</Filter>
    </ClCompile>
    <ClCompile Include="..\3rd\Zdepth\zstd\src\zstdmt_compress.c">
      <Filter>Source Files\Zdepth\zstd</Filter>
    </ClCompile>
    <ClCompile Include="..\3rd\Zdepth\zstd\src\zstd_common.c">
      <Filter>Source Files\Zdepth\zstd</Filter>
    </ClCompile>
    <ClCompile Include="..\3rd\Zdepth\zstd\src\zstd_compress.c">
      <Filter>Source Files\Zdepth\zstd</Filter>
    </ClCompile>
    <ClCompile Include="..\3rd\Zdepth\zstd\src\zstd_compress_literals.c">
      <Filter>Source Files\Zdepth\zstd</Filter>
    </ClCompile>
    <ClCompile Include="..\3rd\Zdepth\zstd\src\zstd_compress_sequences.c">
      <Filter>Source Files\Zdepth\zstd</Filter>
    </ClCompile>
    <ClCompile Include="..\3rd\Zdepth\zstd\src\zstd_ddict.c">
      <Filter>Source Files\Zdepth\zstd</Filter>
    </ClCompile>
    <ClCompile Include="..\3rd\Zdepth\zstd\src\zstd_decompress.c">
      <Filter>Source Files\Zdepth\zstd</Filter>
    </ClCompile>
    <ClCompile Include="..\3rd\Zdepth\zstd\src\zstd_decompress_block.c">
      <Filter>Source Files\Zdepth\zstd</Filter>
    </ClCompile>
    <ClCompile Include="..\3rd\Zdepth\zstd\src\zstd_double_fast.c">
      <Filter>Source Files\Zdepth\zstd</Filter>
    </ClCompile>
    <ClCompile Include="..\3rd\Zdepth\zstd\src\zstd_fast.c">
      <Filter>Source Files\Zdepth\zstd</Filter>
    </ClCompile>
    <ClCompile Include="..\3rd\Zdepth\zstd\src\zstd_lazy.c">
      <Filter>Source Files\Zdepth\zstd</Filter>
    </ClCompile>
    <ClCompile Include="..\3rd\Zdepth\zstd\src\zstd_ldm.c">
      <Filter>Source Files\Zdepth\zstd</Filter>
    </ClCompile>
    <ClCompile Include="..\3rd\Zdepth\zstd\src\zstd_opt.c">
      <Filter>Source Files\Zdepth\zstd</Filter>
    </ClCompile>
    <ClCompile Include="..\3rd\AudioDrawUtils.cpp">
      <Filter>Source Files\audio</Filter>
    </ClCompile>
    <ClCompile Include="..\3rd\Cinder-PortAudio\src\cinder\audio\ContextPortAudio.cpp">
      <Filter>Source Files\Cinder-PortAudio\src\cinder\audio</Filter>
    </ClCompile>
    <ClCompile Include="..\3rd\Cinder-PortAudio\src\cinder\audio\DeviceManagerPortAudio.cpp">
      <Filter>Source Files\Cinder-PortAudio\src\cinder\audio</Filter>
    </ClCompile>
    <ClCompile Include="..\3rd\OSC\src\cinder\osc\Osc.cpp">
      <Filter>Source Files\OSC</Filter>
    </ClCompile>
    <ClCompile Include="..\3rd\smbPitchShift\smbPitchShift.cpp">
      <Filter>Source Files\audio</Filter>
    </ClCompile>
    <ClCompile Include="..\3rd\Cinder-PortAudio\lib\portaudio\src\common\pa_trace.c">
      <Filter>Source Files\Cinder-PortAudio\lib\portaudio\src\common</Filter>
    </ClCompile>
    <ClCompile Include="..\3rd\Cinder-PortAudio\lib\portaudio\src\common\pa_allocation.c">
      <Filter>Source Files\Cinder-PortAudio\lib\portaudio\src\common</Filter>
    </ClCompile>
    <ClCompile Include="..\3rd\Cinder-PortAudio\lib\portaudio\src\common\pa_converters.c">
      <Filter>Source Files\Cinder-PortAudio\lib\portaudio\src\common</Filter>
    </ClCompile>
    <ClCompile Include="..\3rd\Cinder-PortAudio\lib\portaudio\src\common\pa_cpuload.c">
      <Filter>Source Files\Cinder-PortAudio\lib\portaudio\src\common</Filter>
    </ClCompile>
    <ClCompile Include="..\3rd\Cinder-PortAudio\lib\portaudio\src\common\pa_debugprint.c">
      <Filter>Source Files\Cinder-PortAudio\lib\portaudio\src\common</Filter>
    </ClCompile>
    <ClCompile Include="..\3rd\Cinder-PortAudio\lib\portaudio\src\common\pa_dither.c">
      <Filter>Source Files\Cinder-PortAudio\lib\portaudio\src\common</Filter>
    </ClCompile>
    <ClCompile Include="..\3rd\Cinder-PortAudio\lib\portaudio\src\common\pa_front.c">
      <Filter>Source Files\Cinder-PortAudio\lib\portaudio\src\common</Filter>
    </ClCompile>
    <ClCompile Include="..\3rd\Cinder-PortAudio\lib\portaudio\src\common\pa_process.c">
      <Filter>Source Files\Cinder-PortAudio\lib\portaudio\src\common</Filter>
    </ClCompile>
    <ClCompile Include="..\3rd\Cinder-PortAudio\lib\portaudio\src\common\pa_ringbuffer.c">
      <Filter>Source Files\Cinder-PortAudio\lib\portaudio\src\common</Filter>
    </ClCompile>
    <ClCompile Include="..\3rd\Cinder-PortAudio\lib\portaudio\src\common\pa_stream.c">
      <Filter>Source Files\Cinder-PortAudio\lib\portaudio\src\common</Filter>
    </ClCompile>
    <ClCompile Include="..\3rd\Cinder-PortAudio\lib\portaudio\src\os\win\pa_win_coinitialize.c">
      <Filter>Source Files\Cinder-PortAudio\lib\portaudio\src\hostapi\win</Filter>
    </ClCompile>
    <ClCompile Include="..\3rd\Cinder-PortAudio\lib\portaudio\src\os\win\pa_win_hostapis.c">
      <Filter>Source Files\Cinder-PortAudio\lib\portaudio\src\hostapi\win</Filter>
    </ClCompile>
    <ClCompile Include="..\3rd\Cinder-PortAudio\lib\portaudio\src\os\win\pa_win_util.c">
      <Filter>Source Files\Cinder-PortAudio\lib\portaudio\src\hostapi\win</Filter>
    </ClCompile>
    <ClCompile Include="..\3rd\Cinder-PortAudio\lib\portaudio\src\hostapi\wasapi\pa_win_wasapi.c">
      <Filter>Source Files\Cinder-PortAudio\lib\portaudio\src\hostapi\win</Filter>
    </ClCompile>
    <ClCompile Include="..\3rd\Cinder-PortAudio\lib\portaudio\src\os\win\pa_win_waveformat.c">
      <Filter>Source Files\Cinder-PortAudio\lib\portaudio\src\hostapi\win</Filter>
    </ClCompile>
    <ClCompile Include="..\3rd\Cinder-PortAudio\lib\portaudio\src\hostapi\wdmks\pa_win_wdmks.c">
      <Filter>Source Files\Cinder-PortAudio\lib\portaudio\src\hostapi\win</Filter>
    </ClCompile>
    <ClCompile Include="..\3rd\Cinder-PortAudio\lib\portaudio\src\os\win\pa_win_wdmks_utils.c">
      <Filter>Source Files\Cinder-PortAudio\lib\portaudio\src\hostapi\win</Filter>
    </ClCompile>
    <ClCompile Include="..\3rd\Cinder-PortAudio\lib\portaudio\src\hostapi\wmme\pa_win_wmme.c">
      <Filter>Source Files\Cinder-PortAudio\lib\portaudio\src\hostapi\win</Filter>
    </ClCompile>
    <ClCompile Include="..\3rd\dmx\DMXPro.cpp">
      <Filter>Source Files\dmx</Filter>
    </ClCompile>
    <ClCompile Include="..\3rd\Cinder-PortAudio\lib\portaudio\src\hostapi\asio\pa_asio.cpp">
      <Filter>Source Files\Cinder-PortAudio\lib\portaudio\src\hostapi</Filter>
    </ClCompile>
    <ClCompile Include="..\3rd\Cinder-PortAudio\lib\ASIOSDK\common\asio.cpp">
      <Filter>Source Files\Cinder-PortAudio\lib\[optional] ASIOSDK</Filter>
    </ClCompile>
    <ClCompile Include="..\3rd\Cinder-PortAudio\lib\ASIOSDK\host\asiodrivers.cpp">
      <Filter>Source Files\Cinder-PortAudio\lib\[optional] ASIOSDK</Filter>
    </ClCompile>
    <ClCompile Include="..\3rd\Cinder-PortAudio\lib\ASIOSDK\host\pc\asiolist.cpp">
      <Filter>Source Files\Cinder-PortAudio\lib\[optional] ASIOSDK</Filter>
    </ClCompile>
    <ClCompile Include="..\3rd\Cinder-PortAudio\lib\portaudio\src\os\win\pa_win_version.c">
      <Filter>Source Files\Cinder-PortAudio\lib\portaudio\src\hostapi\win</Filter>
    </ClCompile>
    <ClCompile Include="..\3rd\ldlidar\src\ldlidar_driver.cpp">
      <Filter>Source Files\LDRobot\src</Filter>
    </ClCompile>
    <ClCompile Include="..\3rd\ldlidar\src\lipkg.cpp">
      <Filter>Source Files\LDRobot\src</Filter>
    </ClCompile>
    <ClCompile Include="..\3rd\ldlidar\src\log_module.cpp">
      <Filter>Source Files\LDRobot\src</Filter>
    </ClCompile>
    <ClCompile Include="..\3rd\ldlidar\src\tofbf.cpp">
      <Filter>Source Files\LDRobot\src</Filter>
    </ClCompile>
    <ClCompile Include="..\3rd\ldlidar\src\serial_interface_win.cpp">
      <Filter>Source Files\LDRobot\src</Filter>
    </ClCompile>
    <ClCompile Include="..\3rd\libzmq\src\address.cpp">
      <Filter>Source Files\libzmq</Filter>
    </ClCompile>
    <ClCompile Include="..\3rd\libzmq\src\channel.cpp">
      <Filter>Source Files\libzmq</Filter>
    </ClCompile>
    <ClCompile Include="..\3rd\libzmq\src\client.cpp">
      <Filter>Source Files\libzmq</Filter>
    </ClCompile>
    <ClCompile Include="..\3rd\libzmq\src\clock.cpp">
      <Filter>Source Files\libzmq</Filter>
    </ClCompile>
    <ClCompile Include="..\3rd\libzmq\src\ctx.cpp">
      <Filter>Source Files\libzmq</Filter>
    </ClCompile>
    <ClCompile Include="..\3rd\libzmq\src\curve_client.cpp">
      <Filter>Source Files\libzmq</Filter>
    </ClCompile>
    <ClCompile Include="..\3rd\libzmq\src\curve_mechanism_base.cpp">
      <Filter>Source Files\libzmq</Filter>
    </ClCompile>
    <ClCompile Include="..\3rd\libzmq\src\curve_server.cpp">
      <Filter>Source Files\libzmq</Filter>
    </ClCompile>
    <ClCompile Include="..\3rd\libzmq\src\dealer.cpp">
      <Filter>Source Files\libzmq</Filter>
    </ClCompile>
    <ClCompile Include="..\3rd\libzmq\src\decoder_allocators.cpp">
      <Filter>Source Files\libzmq</Filter>
    </ClCompile>
    <ClCompile Include="..\3rd\libzmq\src\devpoll.cpp">
      <Filter>Source Files\libzmq</Filter>
    </ClCompile>
    <ClCompile Include="..\3rd\libzmq\src\dgram.cpp">
      <Filter>Source Files\libzmq</Filter>
    </ClCompile>
    <ClCompile Include="..\3rd\libzmq\src\dish.cpp">
      <Filter>Source Files\libzmq</Filter>
    </ClCompile>
    <ClCompile Include="..\3rd\libzmq\src\dist.cpp">
      <Filter>Source Files\libzmq</Filter>
    </ClCompile>
    <ClCompile Include="..\3rd\libzmq\src\endpoint.cpp">
      <Filter>Source Files\libzmq</Filter>
    </ClCompile>
    <ClCompile Include="..\3rd\libzmq\src\epoll.cpp">
      <Filter>Source Files\libzmq</Filter>
    </ClCompile>
    <ClCompile Include="..\3rd\libzmq\src\err.cpp">
      <Filter>Source Files\libzmq</Filter>
    </ClCompile>
    <ClCompile Include="..\3rd\libzmq\src\fq.cpp">
      <Filter>Source Files\libzmq</Filter>
    </ClCompile>
    <ClCompile Include="..\3rd\libzmq\src\gather.cpp">
      <Filter>Source Files\libzmq</Filter>
    </ClCompile>
    <ClCompile Include="..\3rd\libzmq\src\gssapi_client.cpp">
      <Filter>Source Files\libzmq</Filter>
    </ClCompile>
    <ClCompile Include="..\3rd\libzmq\src\gssapi_mechanism_base.cpp">
      <Filter>Source Files\libzmq</Filter>
    </ClCompile>
    <ClCompile Include="..\3rd\libzmq\src\gssapi_server.cpp">
      <Filter>Source Files\libzmq</Filter>
    </ClCompile>
    <ClCompile Include="..\3rd\libzmq\src\io_object.cpp">
      <Filter>Source Files\libzmq</Filter>
    </ClCompile>
    <ClCompile Include="..\3rd\libzmq\src\io_thread.cpp">
      <Filter>Source Files\libzmq</Filter>
    </ClCompile>
    <ClCompile Include="..\3rd\libzmq\src\ip.cpp">
      <Filter>Source Files\libzmq</Filter>
    </ClCompile>
    <ClCompile Include="..\3rd\libzmq\src\ipc_address.cpp">
      <Filter>Source Files\libzmq</Filter>
    </ClCompile>
    <ClCompile Include="..\3rd\libzmq\src\ipc_connecter.cpp">
      <Filter>Source Files\libzmq</Filter>
    </ClCompile>
    <ClCompile Include="..\3rd\libzmq\src\ipc_listener.cpp">
      <Filter>Source Files\libzmq</Filter>
    </ClCompile>
    <ClCompile Include="..\3rd\libzmq\src\ip_resolver.cpp">
      <Filter>Source Files\libzmq</Filter>
    </ClCompile>
    <ClCompile Include="..\3rd\libzmq\src\kqueue.cpp">
      <Filter>Source Files\libzmq</Filter>
    </ClCompile>
    <ClCompile Include="..\3rd\libzmq\src\lb.cpp">
      <Filter>Source Files\libzmq</Filter>
    </ClCompile>
    <ClCompile Include="..\3rd\libzmq\src\mailbox.cpp">
      <Filter>Source Files\libzmq</Filter>
    </ClCompile>
    <ClCompile Include="..\3rd\libzmq\src\mailbox_safe.cpp">
      <Filter>Source Files\libzmq</Filter>
    </ClCompile>
    <ClCompile Include="..\3rd\libzmq\src\mechanism.cpp">
      <Filter>Source Files\libzmq</Filter>
    </ClCompile>
    <ClCompile Include="..\3rd\libzmq\src\mechanism_base.cpp">
      <Filter>Source Files\libzmq</Filter>
    </ClCompile>
    <ClCompile Include="..\3rd\libzmq\src\metadata.cpp">
      <Filter>Source Files\libzmq</Filter>
    </ClCompile>
    <ClCompile Include="..\3rd\libzmq\src\msg.cpp">
      <Filter>Source Files\libzmq</Filter>
    </ClCompile>
    <ClCompile Include="..\3rd\libzmq\src\mtrie.cpp">
      <Filter>Source Files\libzmq</Filter>
    </ClCompile>
    <ClCompile Include="..\3rd\libzmq\src\norm_engine.cpp">
      <Filter>Source Files\libzmq</Filter>
    </ClCompile>
    <ClCompile Include="..\3rd\libzmq\src\null_mechanism.cpp">
      <Filter>Source Files\libzmq</Filter>
    </ClCompile>
    <ClCompile Include="..\3rd\libzmq\src\object.cpp">
      <Filter>Source Files\libzmq</Filter>
    </ClCompile>
    <ClCompile Include="..\3rd\libzmq\src\options.cpp">
      <Filter>Source Files\libzmq</Filter>
    </ClCompile>
    <ClCompile Include="..\3rd\libzmq\src\own.cpp">
      <Filter>Source Files\libzmq</Filter>
    </ClCompile>
    <ClCompile Include="..\3rd\libzmq\src\pair.cpp">
      <Filter>Source Files\libzmq</Filter>
    </ClCompile>
    <ClCompile Include="..\3rd\libzmq\src\peer.cpp">
      <Filter>Source Files\libzmq</Filter>
    </ClCompile>
    <ClCompile Include="..\3rd\libzmq\src\pgm_receiver.cpp">
      <Filter>Source Files\libzmq</Filter>
    </ClCompile>
    <ClCompile Include="..\3rd\libzmq\src\pgm_sender.cpp">
      <Filter>Source Files\libzmq</Filter>
    </ClCompile>
    <ClCompile Include="..\3rd\libzmq\src\pgm_socket.cpp">
      <Filter>Source Files\libzmq</Filter>
    </ClCompile>
    <ClCompile Include="..\3rd\libzmq\src\pipe.cpp">
      <Filter>Source Files\libzmq</Filter>
    </ClCompile>
    <ClCompile Include="..\3rd\libzmq\src\plain_client.cpp">
      <Filter>Source Files\libzmq</Filter>
    </ClCompile>
    <ClCompile Include="..\3rd\libzmq\src\plain_server.cpp">
      <Filter>Source Files\libzmq</Filter>
    </ClCompile>
    <ClCompile Include="..\3rd\libzmq\src\poll.cpp">
      <Filter>Source Files\libzmq</Filter>
    </ClCompile>
    <ClCompile Include="..\3rd\libzmq\src\poller_base.cpp">
      <Filter>Source Files\libzmq</Filter>
    </ClCompile>
    <ClCompile Include="..\3rd\libzmq\src\polling_util.cpp">
      <Filter>Source Files\libzmq</Filter>
    </ClCompile>
    <ClCompile Include="..\3rd\libzmq\src\pollset.cpp">
      <Filter>Source Files\libzmq</Filter>
    </ClCompile>
    <ClCompile Include="..\3rd\libzmq\src\precompiled.cpp">
      <Filter>Source Files\libzmq</Filter>
    </ClCompile>
    <ClCompile Include="..\3rd\libzmq\src\proxy.cpp">
      <Filter>Source Files\libzmq</Filter>
    </ClCompile>
    <ClCompile Include="..\3rd\libzmq\src\pub.cpp">
      <Filter>Source Files\libzmq</Filter>
    </ClCompile>
    <ClCompile Include="..\3rd\libzmq\src\pull.cpp">
      <Filter>Source Files\libzmq</Filter>
    </ClCompile>
    <ClCompile Include="..\3rd\libzmq\src\push.cpp">
      <Filter>Source Files\libzmq</Filter>
    </ClCompile>
    <ClCompile Include="..\3rd\libzmq\src\radio.cpp">
      <Filter>Source Files\libzmq</Filter>
    </ClCompile>
    <ClCompile Include="..\3rd\libzmq\src\radix_tree.cpp">
      <Filter>Source Files\libzmq</Filter>
    </ClCompile>
    <ClCompile Include="..\3rd\libzmq\src\random.cpp">
      <Filter>Source Files\libzmq</Filter>
    </ClCompile>
    <ClCompile Include="..\3rd\libzmq\src\raw_decoder.cpp">
      <Filter>Source Files\libzmq</Filter>
    </ClCompile>
    <ClCompile Include="..\3rd\libzmq\src\raw_encoder.cpp">
      <Filter>Source Files\libzmq</Filter>
    </ClCompile>
    <ClCompile Include="..\3rd\libzmq\src\raw_engine.cpp">
      <Filter>Source Files\libzmq</Filter>
    </ClCompile>
    <ClCompile Include="..\3rd\libzmq\src\reaper.cpp">
      <Filter>Source Files\libzmq</Filter>
    </ClCompile>
    <ClCompile Include="..\3rd\libzmq\src\rep.cpp">
      <Filter>Source Files\libzmq</Filter>
    </ClCompile>
    <ClCompile Include="..\3rd\libzmq\src\req.cpp">
      <Filter>Source Files\libzmq</Filter>
    </ClCompile>
    <ClCompile Include="..\3rd\libzmq\src\router.cpp">
      <Filter>Source Files\libzmq</Filter>
    </ClCompile>
    <ClCompile Include="..\3rd\libzmq\src\scatter.cpp">
      <Filter>Source Files\libzmq</Filter>
    </ClCompile>
    <ClCompile Include="..\3rd\libzmq\src\select.cpp">
      <Filter>Source Files\libzmq</Filter>
    </ClCompile>
    <ClCompile Include="..\3rd\libzmq\src\server.cpp">
      <Filter>Source Files\libzmq</Filter>
    </ClCompile>
    <ClCompile Include="..\3rd\libzmq\src\session_base.cpp">
      <Filter>Source Files\libzmq</Filter>
    </ClCompile>
    <ClCompile Include="..\3rd\libzmq\src\signaler.cpp">
      <Filter>Source Files\libzmq</Filter>
    </ClCompile>
    <ClCompile Include="..\3rd\libzmq\src\socket_base.cpp">
      <Filter>Source Files\libzmq</Filter>
    </ClCompile>
    <ClCompile Include="..\3rd\libzmq\src\socket_poller.cpp">
      <Filter>Source Files\libzmq</Filter>
    </ClCompile>
    <ClCompile Include="..\3rd\libzmq\src\socks.cpp">
      <Filter>Source Files\libzmq</Filter>
    </ClCompile>
    <ClCompile Include="..\3rd\libzmq\src\socks_connecter.cpp">
      <Filter>Source Files\libzmq</Filter>
    </ClCompile>
    <ClCompile Include="..\3rd\libzmq\src\stream.cpp">
      <Filter>Source Files\libzmq</Filter>
    </ClCompile>
    <ClCompile Include="..\3rd\libzmq\src\stream_connecter_base.cpp">
      <Filter>Source Files\libzmq</Filter>
    </ClCompile>
    <ClCompile Include="..\3rd\libzmq\src\stream_engine_base.cpp">
      <Filter>Source Files\libzmq</Filter>
    </ClCompile>
    <ClCompile Include="..\3rd\libzmq\src\stream_listener_base.cpp">
      <Filter>Source Files\libzmq</Filter>
    </ClCompile>
    <ClCompile Include="..\3rd\libzmq\src\sub.cpp">
      <Filter>Source Files\libzmq</Filter>
    </ClCompile>
    <ClCompile Include="..\3rd\libzmq\src\tcp.cpp">
      <Filter>Source Files\libzmq</Filter>
    </ClCompile>
    <ClCompile Include="..\3rd\libzmq\src\tcp_address.cpp">
      <Filter>Source Files\libzmq</Filter>
    </ClCompile>
    <ClCompile Include="..\3rd\libzmq\src\tcp_connecter.cpp">
      <Filter>Source Files\libzmq</Filter>
    </ClCompile>
    <ClCompile Include="..\3rd\libzmq\src\tcp_listener.cpp">
      <Filter>Source Files\libzmq</Filter>
    </ClCompile>
    <ClCompile Include="..\3rd\libzmq\src\thread.cpp">
      <Filter>Source Files\libzmq</Filter>
    </ClCompile>
    <ClCompile Include="..\3rd\libzmq\src\timers.cpp">
      <Filter>Source Files\libzmq</Filter>
    </ClCompile>
    <ClCompile Include="..\3rd\libzmq\src\tipc_address.cpp">
      <Filter>Source Files\libzmq</Filter>
    </ClCompile>
    <ClCompile Include="..\3rd\libzmq\src\tipc_connecter.cpp">
      <Filter>Source Files\libzmq</Filter>
    </ClCompile>
    <ClCompile Include="..\3rd\libzmq\src\tipc_listener.cpp">
      <Filter>Source Files\libzmq</Filter>
    </ClCompile>
    <ClCompile Include="..\3rd\libzmq\src\trie.cpp">
      <Filter>Source Files\libzmq</Filter>
    </ClCompile>
    <ClCompile Include="..\3rd\libzmq\src\udp_address.cpp">
      <Filter>Source Files\libzmq</Filter>
    </ClCompile>
    <ClCompile Include="..\3rd\libzmq\src\udp_engine.cpp">
      <Filter>Source Files\libzmq</Filter>
    </ClCompile>
    <ClCompile Include="..\3rd\libzmq\src\v1_decoder.cpp">
      <Filter>Source Files\libzmq</Filter>
    </ClCompile>
    <ClCompile Include="..\3rd\libzmq\src\v1_encoder.cpp">
      <Filter>Source Files\libzmq</Filter>
    </ClCompile>
    <ClCompile Include="..\3rd\libzmq\src\v2_decoder.cpp">
      <Filter>Source Files\libzmq</Filter>
    </ClCompile>
    <ClCompile Include="..\3rd\libzmq\src\v2_encoder.cpp">
      <Filter>Source Files\libzmq</Filter>
    </ClCompile>
    <ClCompile Include="..\3rd\libzmq\src\v3_1_encoder.cpp">
      <Filter>Source Files\libzmq</Filter>
    </ClCompile>
    <ClCompile Include="..\3rd\libzmq\src\vmci.cpp">
      <Filter>Source Files\libzmq</Filter>
    </ClCompile>
    <ClCompile Include="..\3rd\libzmq\src\vmci_address.cpp">
      <Filter>Source Files\libzmq</Filter>
    </ClCompile>
    <ClCompile Include="..\3rd\libzmq\src\vmci_connecter.cpp">
      <Filter>Source Files\libzmq</Filter>
    </ClCompile>
    <ClCompile Include="..\3rd\libzmq\src\vmci_listener.cpp">
      <Filter>Source Files\libzmq</Filter>
    </ClCompile>
    <ClCompile Include="..\3rd\libzmq\src\xpub.cpp">
      <Filter>Source Files\libzmq</Filter>
    </ClCompile>
    <ClCompile Include="..\3rd\libzmq\src\xsub.cpp">
      <Filter>Source Files\libzmq</Filter>
    </ClCompile>
    <ClCompile Include="..\3rd\libzmq\src\zap_client.cpp">
      <Filter>Source Files\libzmq</Filter>
    </ClCompile>
    <ClCompile Include="..\3rd\libzmq\src\zmq.cpp">
      <Filter>Source Files\libzmq</Filter>
    </ClCompile>
    <ClCompile Include="..\3rd\libzmq\src\zmq_utils.cpp">
      <Filter>Source Files\libzmq</Filter>
    </ClCompile>
    <ClCompile Include="..\3rd\libzmq\src\zmtp_engine.cpp">
      <Filter>Source Files\libzmq</Filter>
    </ClCompile>
  </ItemGroup>
  <ItemGroup>
    <ClInclude Include="..\3rd\imnodes\imnodes.h">
      <Filter>Source Files\imnodes</Filter>
    </ClInclude>
    <ClInclude Include="..\3rd\imnodes\imnodes_internal.h">
      <Filter>Source Files\imnodes</Filter>
    </ClInclude>
    <ClInclude Include="..\3rd\ImPlot\implot.h">
      <Filter>Source Files\ImPlot</Filter>
    </ClInclude>
    <ClInclude Include="..\3rd\ImPlot\implot_internal.h">
      <Filter>Source Files\ImPlot</Filter>
    </ClInclude>
    <ClInclude Include="..\3rd\Zdepth\zstd\src\bitstream.h">
      <Filter>Source Files\Zdepth\zstd</Filter>
    </ClInclude>
    <ClInclude Include="..\3rd\Zdepth\zstd\src\compiler.h">
      <Filter>Source Files\Zdepth\zstd</Filter>
    </ClInclude>
    <ClInclude Include="..\3rd\Zdepth\zstd\src\cpu.h">
      <Filter>Source Files\Zdepth\zstd</Filter>
    </ClInclude>
    <ClInclude Include="..\3rd\Zdepth\zstd\src\debug.h">
      <Filter>Source Files\Zdepth\zstd</Filter>
    </ClInclude>
    <ClInclude Include="..\3rd\Zdepth\zstd\src\error_private.h">
      <Filter>Source Files\Zdepth\zstd</Filter>
    </ClInclude>
    <ClInclude Include="..\3rd\Zdepth\zstd\src\hist.h">
      <Filter>Source Files\Zdepth\zstd</Filter>
    </ClInclude>
    <ClInclude Include="..\3rd\Zdepth\zstd\src\mem.h">
      <Filter>Source Files\Zdepth\zstd</Filter>
    </ClInclude>
    <ClInclude Include="..\3rd\Zdepth\zstd\src\pool.h">
      <Filter>Source Files\Zdepth\zstd</Filter>
    </ClInclude>
    <ClInclude Include="..\3rd\Zdepth\zstd\src\threading.h">
      <Filter>Source Files\Zdepth\zstd</Filter>
    </ClInclude>
    <ClInclude Include="..\3rd\Zdepth\zstd\src\zstdmt_compress.h">
      <Filter>Source Files\Zdepth\zstd</Filter>
    </ClInclude>
    <ClInclude Include="..\3rd\Zdepth\zstd\src\zstd_compress_internal.h">
      <Filter>Source Files\Zdepth\zstd</Filter>
    </ClInclude>
    <ClInclude Include="..\3rd\Zdepth\zstd\src\zstd_compress_literals.h">
      <Filter>Source Files\Zdepth\zstd</Filter>
    </ClInclude>
    <ClInclude Include="..\3rd\Zdepth\zstd\src\zstd_compress_sequences.h">
      <Filter>Source Files\Zdepth\zstd</Filter>
    </ClInclude>
    <ClInclude Include="..\3rd\Zdepth\zstd\src\zstd_ddict.h">
      <Filter>Source Files\Zdepth\zstd</Filter>
    </ClInclude>
    <ClInclude Include="..\3rd\Zdepth\zstd\src\zstd_decompress_block.h">
      <Filter>Source Files\Zdepth\zstd</Filter>
    </ClInclude>
    <ClInclude Include="..\3rd\Zdepth\zstd\src\zstd_decompress_internal.h">
      <Filter>Source Files\Zdepth\zstd</Filter>
    </ClInclude>
    <ClInclude Include="..\3rd\Zdepth\zstd\src\zstd_double_fast.h">
      <Filter>Source Files\Zdepth\zstd</Filter>
    </ClInclude>
    <ClInclude Include="..\3rd\Zdepth\zstd\src\zstd_errors.h">
      <Filter>Source Files\Zdepth\zstd</Filter>
    </ClInclude>
    <ClInclude Include="..\3rd\Zdepth\zstd\src\zstd_fast.h">
      <Filter>Source Files\Zdepth\zstd</Filter>
    </ClInclude>
    <ClInclude Include="..\3rd\Zdepth\zstd\src\zstd_internal.h">
      <Filter>Source Files\Zdepth\zstd</Filter>
    </ClInclude>
    <ClInclude Include="..\3rd\Zdepth\zstd\src\zstd_lazy.h">
      <Filter>Source Files\Zdepth\zstd</Filter>
    </ClInclude>
    <ClInclude Include="..\3rd\Zdepth\zstd\src\zstd_ldm.h">
      <Filter>Source Files\Zdepth\zstd</Filter>
    </ClInclude>
    <ClInclude Include="..\3rd\Zdepth\zstd\src\zstd_opt.h">
      <Filter>Source Files\Zdepth\zstd</Filter>
    </ClInclude>
    <ClInclude Include="..\3rd\AudioDrawUtils.h">
      <Filter>Source Files\audio</Filter>
    </ClInclude>
    <ClInclude Include="..\3rd\Cinder-PortAudio\src\cinder\audio\ContextPortAudio.h">
      <Filter>Source Files\Cinder-PortAudio</Filter>
    </ClInclude>
    <ClInclude Include="..\3rd\Cinder-PortAudio\src\cinder\audio\DeviceManagerPortAudio.h">
      <Filter>Source Files\Cinder-PortAudio</Filter>
    </ClInclude>
    <ClInclude Include="..\3rd\OSC\src\cinder\osc\Osc.h">
      <Filter>Source Files\OSC</Filter>
    </ClInclude>
    <ClInclude Include="..\3rd\Simple-WebSocket-Server\asio_compatibility.hpp">
      <Filter>Source Files\SimpleWebsocketServer</Filter>
    </ClInclude>
    <ClInclude Include="..\3rd\Simple-WebSocket-Server\client_ws.hpp">
      <Filter>Source Files\SimpleWebsocketServer</Filter>
    </ClInclude>
    <ClInclude Include="..\3rd\Simple-WebSocket-Server\client_wss.hpp">
      <Filter>Source Files\SimpleWebsocketServer</Filter>
    </ClInclude>
    <ClInclude Include="..\3rd\Simple-WebSocket-Server\crypto.hpp">
      <Filter>Source Files\SimpleWebsocketServer</Filter>
    </ClInclude>
    <ClInclude Include="..\3rd\Simple-WebSocket-Server\mutex.hpp">
      <Filter>Source Files\SimpleWebsocketServer</Filter>
    </ClInclude>
    <ClInclude Include="..\3rd\Simple-WebSocket-Server\server_ws.hpp">
      <Filter>Source Files\SimpleWebsocketServer</Filter>
    </ClInclude>
    <ClInclude Include="..\3rd\Simple-WebSocket-Server\server_wss.hpp">
      <Filter>Source Files\SimpleWebsocketServer</Filter>
    </ClInclude>
    <ClInclude Include="..\3rd\Simple-WebSocket-Server\status_code.hpp">
      <Filter>Source Files\SimpleWebsocketServer</Filter>
    </ClInclude>
    <ClInclude Include="..\3rd\Simple-WebSocket-Server\utility.hpp">
      <Filter>Source Files\SimpleWebsocketServer</Filter>
    </ClInclude>
    <ClInclude Include="..\3rd\smbPitchShift\smbPitchShift.h">
      <Filter>Source Files\audio</Filter>
    </ClInclude>
    <ClInclude Include="..\3rd\OpenCV4\include\CinderOpenCV.h">
      <Filter>Source Files\OpenCV4</Filter>
    </ClInclude>
    <ClInclude Include="..\3rd\OpenCV4\include\opencv2\cvconfig.h">
      <Filter>Source Files\OpenCV4</Filter>
    </ClInclude>
    <ClInclude Include="..\3rd\OpenCV4\include\opencv2\opencv.hpp">
      <Filter>Source Files\OpenCV4</Filter>
    </ClInclude>
    <ClInclude Include="..\3rd\OpenCV4\include\opencv2\opencv_modules.hpp">
      <Filter>Source Files\OpenCV4</Filter>
    </ClInclude>
    <ClInclude Include="..\3rd\Cinder-PortAudio\lib\portaudio\include\portaudio.h">
      <Filter>Source Files\Cinder-PortAudio\lib\portaudio\include</Filter>
    </ClInclude>
    <ClInclude Include="..\3rd\k4a2mat.hpp">
      <Filter>Source Files\utils</Filter>
    </ClInclude>
    <ClInclude Include="..\3rd\IconFontCppHeaders\IconsFontAwesome5.h">
      <Filter>Source Files\utils</Filter>
    </ClInclude>
    <ClInclude Include="..\3rd\filter\Filter.hpp">
      <Filter>Source Files\filter</Filter>
    </ClInclude>
    <ClInclude Include="..\3rd\filter\OneEuroFilter.hpp">
      <Filter>Source Files\filter</Filter>
    </ClInclude>
    <ClInclude Include="..\3rd\dmx\DMXPro.hpp">
      <Filter>Source Files\dmx</Filter>
    </ClInclude>
    <ClInclude Include="..\3rd\ldlidar\include\ldlidar_datatype.h">
      <Filter>Source Files\LDRobot\include</Filter>
    </ClInclude>
    <ClInclude Include="..\3rd\ldlidar\include\ldlidar_driver.h">
      <Filter>Source Files\LDRobot\include</Filter>
    </ClInclude>
    <ClInclude Include="..\3rd\ldlidar\include\lipkg.h">
      <Filter>Source Files\LDRobot\include</Filter>
    </ClInclude>
    <ClInclude Include="..\3rd\ldlidar\include\log_module.h">
      <Filter>Source Files\LDRobot\include</Filter>
    </ClInclude>
    <ClInclude Include="..\3rd\ldlidar\include\tofbf.h">
      <Filter>Source Files\LDRobot\include</Filter>
    </ClInclude>
    <ClInclude Include="..\3rd\ldlidar\include\serial_interface_win.h">
      <Filter>Source Files\LDRobot\include</Filter>
    </ClInclude>
    <ClInclude Include="..\3rd\libzmq\src\address.hpp">
      <Filter>Source Files\libzmq</Filter>
    </ClInclude>
    <ClInclude Include="..\3rd\libzmq\src\array.hpp">
      <Filter>Source Files\libzmq</Filter>
    </ClInclude>
    <ClInclude Include="..\3rd\libzmq\src\atomic_counter.hpp">
      <Filter>Source Files\libzmq</Filter>
    </ClInclude>
    <ClInclude Include="..\3rd\libzmq\src\atomic_ptr.hpp">
      <Filter>Source Files\libzmq</Filter>
    </ClInclude>
    <ClInclude Include="..\3rd\libzmq\src\blob.hpp">
      <Filter>Source Files\libzmq</Filter>
    </ClInclude>
    <ClInclude Include="..\3rd\libzmq\src\channel.hpp">
      <Filter>Source Files\libzmq</Filter>
    </ClInclude>
    <ClInclude Include="..\3rd\libzmq\src\client.hpp">
      <Filter>Source Files\libzmq</Filter>
    </ClInclude>
    <ClInclude Include="..\3rd\libzmq\src\clock.hpp">
      <Filter>Source Files\libzmq</Filter>
    </ClInclude>
    <ClInclude Include="..\3rd\libzmq\src\command.hpp">
      <Filter>Source Files\libzmq</Filter>
    </ClInclude>
    <ClInclude Include="..\3rd\libzmq\src\compat.hpp">
      <Filter>Source Files\libzmq</Filter>
    </ClInclude>
    <ClInclude Include="..\3rd\libzmq\src\condition_variable.hpp">
      <Filter>Source Files\libzmq</Filter>
    </ClInclude>
    <ClInclude Include="..\3rd\libzmq\src\config.hpp">
      <Filter>Source Files\libzmq</Filter>
    </ClInclude>
    <ClInclude Include="..\3rd\libzmq\src\ctx.hpp">
      <Filter>Source Files\libzmq</Filter>
    </ClInclude>
    <ClInclude Include="..\3rd\libzmq\src\curve_client.hpp">
      <Filter>Source Files\libzmq</Filter>
    </ClInclude>
    <ClInclude Include="..\3rd\libzmq\src\curve_client_tools.hpp">
      <Filter>Source Files\libzmq</Filter>
    </ClInclude>
    <ClInclude Include="..\3rd\libzmq\src\curve_mechanism_base.hpp">
      <Filter>Source Files\libzmq</Filter>
    </ClInclude>
    <ClInclude Include="..\3rd\libzmq\src\curve_server.hpp">
      <Filter>Source Files\libzmq</Filter>
    </ClInclude>
    <ClInclude Include="..\3rd\libzmq\src\dbuffer.hpp">
      <Filter>Source Files\libzmq</Filter>
    </ClInclude>
    <ClInclude Include="..\3rd\libzmq\src\dealer.hpp">
      <Filter>Source Files\libzmq</Filter>
    </ClInclude>
    <ClInclude Include="..\3rd\libzmq\src\decoder.hpp">
      <Filter>Source Files\libzmq</Filter>
    </ClInclude>
    <ClInclude Include="..\3rd\libzmq\src\decoder_allocators.hpp">
      <Filter>Source Files\libzmq</Filter>
    </ClInclude>
    <ClInclude Include="..\3rd\libzmq\src\devpoll.hpp">
      <Filter>Source Files\libzmq</Filter>
    </ClInclude>
    <ClInclude Include="..\3rd\libzmq\src\dgram.hpp">
      <Filter>Source Files\libzmq</Filter>
    </ClInclude>
    <ClInclude Include="..\3rd\libzmq\src\dish.hpp">
      <Filter>Source Files\libzmq</Filter>
    </ClInclude>
    <ClInclude Include="..\3rd\libzmq\src\dist.hpp">
      <Filter>Source Files\libzmq</Filter>
    </ClInclude>
    <ClInclude Include="..\3rd\libzmq\src\encoder.hpp">
      <Filter>Source Files\libzmq</Filter>
    </ClInclude>
    <ClInclude Include="..\3rd\libzmq\src\endpoint.hpp">
      <Filter>Source Files\libzmq</Filter>
    </ClInclude>
    <ClInclude Include="..\3rd\libzmq\src\epoll.hpp">
      <Filter>Source Files\libzmq</Filter>
    </ClInclude>
    <ClInclude Include="..\3rd\libzmq\src\err.hpp">
      <Filter>Source Files\libzmq</Filter>
    </ClInclude>
    <ClInclude Include="..\3rd\libzmq\src\fd.hpp">
      <Filter>Source Files\libzmq</Filter>
    </ClInclude>
    <ClInclude Include="..\3rd\libzmq\src\fq.hpp">
      <Filter>Source Files\libzmq</Filter>
    </ClInclude>
    <ClInclude Include="..\3rd\libzmq\src\gather.hpp">
      <Filter>Source Files\libzmq</Filter>
    </ClInclude>
    <ClInclude Include="..\3rd\libzmq\src\generic_mtrie.hpp">
      <Filter>Source Files\libzmq</Filter>
    </ClInclude>
    <ClInclude Include="..\3rd\libzmq\src\generic_mtrie_impl.hpp">
      <Filter>Source Files\libzmq</Filter>
    </ClInclude>
    <ClInclude Include="..\3rd\libzmq\src\gssapi_client.hpp">
      <Filter>Source Files\libzmq</Filter>
    </ClInclude>
    <ClInclude Include="..\3rd\libzmq\src\gssapi_mechanism_base.hpp">
      <Filter>Source Files\libzmq</Filter>
    </ClInclude>
    <ClInclude Include="..\3rd\libzmq\src\gssapi_server.hpp">
      <Filter>Source Files\libzmq</Filter>
    </ClInclude>
    <ClInclude Include="..\3rd\libzmq\src\io_object.hpp">
      <Filter>Source Files\libzmq</Filter>
    </ClInclude>
    <ClInclude Include="..\3rd\libzmq\src\io_thread.hpp">
      <Filter>Source Files\libzmq</Filter>
    </ClInclude>
    <ClInclude Include="..\3rd\libzmq\src\ip.hpp">
      <Filter>Source Files\libzmq</Filter>
    </ClInclude>
    <ClInclude Include="..\3rd\libzmq\src\ipc_address.hpp">
      <Filter>Source Files\libzmq</Filter>
    </ClInclude>
    <ClInclude Include="..\3rd\libzmq\src\ipc_connecter.hpp">
      <Filter>Source Files\libzmq</Filter>
    </ClInclude>
    <ClInclude Include="..\3rd\libzmq\src\ipc_listener.hpp">
      <Filter>Source Files\libzmq</Filter>
    </ClInclude>
    <ClInclude Include="..\3rd\libzmq\src\ip_resolver.hpp">
      <Filter>Source Files\libzmq</Filter>
    </ClInclude>
    <ClInclude Include="..\3rd\libzmq\src\i_decoder.hpp">
      <Filter>Source Files\libzmq</Filter>
    </ClInclude>
    <ClInclude Include="..\3rd\libzmq\src\i_encoder.hpp">
      <Filter>Source Files\libzmq</Filter>
    </ClInclude>
    <ClInclude Include="..\3rd\libzmq\src\i_engine.hpp">
      <Filter>Source Files\libzmq</Filter>
    </ClInclude>
    <ClInclude Include="..\3rd\libzmq\src\i_mailbox.hpp">
      <Filter>Source Files\libzmq</Filter>
    </ClInclude>
    <ClInclude Include="..\3rd\libzmq\src\i_poll_events.hpp">
      <Filter>Source Files\libzmq</Filter>
    </ClInclude>
    <ClInclude Include="..\3rd\libzmq\src\kqueue.hpp">
      <Filter>Source Files\libzmq</Filter>
    </ClInclude>
    <ClInclude Include="..\3rd\libzmq\src\lb.hpp">
      <Filter>Source Files\libzmq</Filter>
    </ClInclude>
    <ClInclude Include="..\3rd\libzmq\src\likely.hpp">
      <Filter>Source Files\libzmq</Filter>
    </ClInclude>
    <ClInclude Include="..\3rd\libzmq\src\macros.hpp">
      <Filter>Source Files\libzmq</Filter>
    </ClInclude>
    <ClInclude Include="..\3rd\libzmq\src\mailbox.hpp">
      <Filter>Source Files\libzmq</Filter>
    </ClInclude>
    <ClInclude Include="..\3rd\libzmq\src\mailbox_safe.hpp">
      <Filter>Source Files\libzmq</Filter>
    </ClInclude>
    <ClInclude Include="..\3rd\libzmq\src\mechanism.hpp">
      <Filter>Source Files\libzmq</Filter>
    </ClInclude>
    <ClInclude Include="..\3rd\libzmq\src\mechanism_base.hpp">
      <Filter>Source Files\libzmq</Filter>
    </ClInclude>
    <ClInclude Include="..\3rd\libzmq\src\metadata.hpp">
      <Filter>Source Files\libzmq</Filter>
    </ClInclude>
    <ClInclude Include="..\3rd\libzmq\src\msg.hpp">
      <Filter>Source Files\libzmq</Filter>
    </ClInclude>
    <ClInclude Include="..\3rd\libzmq\src\mtrie.hpp">
      <Filter>Source Files\libzmq</Filter>
    </ClInclude>
    <ClInclude Include="..\3rd\libzmq\src\mutex.hpp">
      <Filter>Source Files\libzmq</Filter>
    </ClInclude>
    <ClInclude Include="..\3rd\libzmq\src\norm_engine.hpp">
      <Filter>Source Files\libzmq</Filter>
    </ClInclude>
    <ClInclude Include="..\3rd\libzmq\src\null_mechanism.hpp">
      <Filter>Source Files\libzmq</Filter>
    </ClInclude>
    <ClInclude Include="..\3rd\libzmq\src\object.hpp">
      <Filter>Source Files\libzmq</Filter>
    </ClInclude>
    <ClInclude Include="..\3rd\libzmq\src\options.hpp">
      <Filter>Source Files\libzmq</Filter>
    </ClInclude>
    <ClInclude Include="..\3rd\libzmq\src\own.hpp">
      <Filter>Source Files\libzmq</Filter>
    </ClInclude>
    <ClInclude Include="..\3rd\libzmq\src\pair.hpp">
      <Filter>Source Files\libzmq</Filter>
    </ClInclude>
    <ClInclude Include="..\3rd\libzmq\src\peer.hpp">
      <Filter>Source Files\libzmq</Filter>
    </ClInclude>
    <ClInclude Include="..\3rd\libzmq\src\pgm_receiver.hpp">
      <Filter>Source Files\libzmq</Filter>
    </ClInclude>
    <ClInclude Include="..\3rd\libzmq\src\pgm_sender.hpp">
      <Filter>Source Files\libzmq</Filter>
    </ClInclude>
    <ClInclude Include="..\3rd\libzmq\src\pgm_socket.hpp">
      <Filter>Source Files\libzmq</Filter>
    </ClInclude>
    <ClInclude Include="..\3rd\libzmq\src\pipe.hpp">
      <Filter>Source Files\libzmq</Filter>
    </ClInclude>
    <ClInclude Include="..\3rd\libzmq\src\plain_client.hpp">
      <Filter>Source Files\libzmq</Filter>
    </ClInclude>
    <ClInclude Include="..\3rd\libzmq\src\plain_common.hpp">
      <Filter>Source Files\libzmq</Filter>
    </ClInclude>
    <ClInclude Include="..\3rd\libzmq\src\plain_server.hpp">
      <Filter>Source Files\libzmq</Filter>
    </ClInclude>
    <ClInclude Include="..\3rd\libzmq\src\poll.hpp">
      <Filter>Source Files\libzmq</Filter>
    </ClInclude>
    <ClInclude Include="..\3rd\libzmq\src\poller.hpp">
      <Filter>Source Files\libzmq</Filter>
    </ClInclude>
    <ClInclude Include="..\3rd\libzmq\src\poller_base.hpp">
      <Filter>Source Files\libzmq</Filter>
    </ClInclude>
    <ClInclude Include="..\3rd\libzmq\src\polling_util.hpp">
      <Filter>Source Files\libzmq</Filter>
    </ClInclude>
    <ClInclude Include="..\3rd\libzmq\src\pollset.hpp">
      <Filter>Source Files\libzmq</Filter>
    </ClInclude>
    <ClInclude Include="..\3rd\libzmq\src\precompiled.hpp">
      <Filter>Source Files\libzmq</Filter>
    </ClInclude>
    <ClInclude Include="..\3rd\libzmq\src\proxy.hpp">
      <Filter>Source Files\libzmq</Filter>
    </ClInclude>
    <ClInclude Include="..\3rd\libzmq\src\pub.hpp">
      <Filter>Source Files\libzmq</Filter>
    </ClInclude>
    <ClInclude Include="..\3rd\libzmq\src\pull.hpp">
      <Filter>Source Files\libzmq</Filter>
    </ClInclude>
    <ClInclude Include="..\3rd\libzmq\src\push.hpp">
      <Filter>Source Files\libzmq</Filter>
    </ClInclude>
    <ClInclude Include="..\3rd\libzmq\src\radio.hpp">
      <Filter>Source Files\libzmq</Filter>
    </ClInclude>
    <ClInclude Include="..\3rd\libzmq\src\radix_tree.hpp">
      <Filter>Source Files\libzmq</Filter>
    </ClInclude>
    <ClInclude Include="..\3rd\libzmq\src\random.hpp">
      <Filter>Source Files\libzmq</Filter>
    </ClInclude>
    <ClInclude Include="..\3rd\libzmq\src\raw_decoder.hpp">
      <Filter>Source Files\libzmq</Filter>
    </ClInclude>
    <ClInclude Include="..\3rd\libzmq\src\raw_encoder.hpp">
      <Filter>Source Files\libzmq</Filter>
    </ClInclude>
    <ClInclude Include="..\3rd\libzmq\src\raw_engine.hpp">
      <Filter>Source Files\libzmq</Filter>
    </ClInclude>
    <ClInclude Include="..\3rd\libzmq\src\reaper.hpp">
      <Filter>Source Files\libzmq</Filter>
    </ClInclude>
    <ClInclude Include="..\3rd\libzmq\src\rep.hpp">
      <Filter>Source Files\libzmq</Filter>
    </ClInclude>
    <ClInclude Include="..\3rd\libzmq\src\req.hpp">
      <Filter>Source Files\libzmq</Filter>
    </ClInclude>
    <ClInclude Include="..\3rd\libzmq\src\router.hpp">
      <Filter>Source Files\libzmq</Filter>
    </ClInclude>
    <ClInclude Include="..\3rd\libzmq\src\scatter.hpp">
      <Filter>Source Files\libzmq</Filter>
    </ClInclude>
    <ClInclude Include="..\3rd\libzmq\src\secure_allocator.hpp">
      <Filter>Source Files\libzmq</Filter>
    </ClInclude>
    <ClInclude Include="..\3rd\libzmq\src\select.hpp">
      <Filter>Source Files\libzmq</Filter>
    </ClInclude>
    <ClInclude Include="..\3rd\libzmq\src\server.hpp">
      <Filter>Source Files\libzmq</Filter>
    </ClInclude>
    <ClInclude Include="..\3rd\libzmq\src\session_base.hpp">
      <Filter>Source Files\libzmq</Filter>
    </ClInclude>
    <ClInclude Include="..\3rd\libzmq\src\signaler.hpp">
      <Filter>Source Files\libzmq</Filter>
    </ClInclude>
    <ClInclude Include="..\3rd\libzmq\src\socket_base.hpp">
      <Filter>Source Files\libzmq</Filter>
    </ClInclude>
    <ClInclude Include="..\3rd\libzmq\src\socket_poller.hpp">
      <Filter>Source Files\libzmq</Filter>
    </ClInclude>
    <ClInclude Include="..\3rd\libzmq\src\socks.hpp">
      <Filter>Source Files\libzmq</Filter>
    </ClInclude>
    <ClInclude Include="..\3rd\libzmq\src\socks_connecter.hpp">
      <Filter>Source Files\libzmq</Filter>
    </ClInclude>
    <ClInclude Include="..\3rd\libzmq\src\stdint.hpp">
      <Filter>Source Files\libzmq</Filter>
    </ClInclude>
    <ClInclude Include="..\3rd\libzmq\src\stream.hpp">
      <Filter>Source Files\libzmq</Filter>
    </ClInclude>
    <ClInclude Include="..\3rd\libzmq\src\stream_connecter_base.hpp">
      <Filter>Source Files\libzmq</Filter>
    </ClInclude>
    <ClInclude Include="..\3rd\libzmq\src\stream_engine_base.hpp">
      <Filter>Source Files\libzmq</Filter>
    </ClInclude>
    <ClInclude Include="..\3rd\libzmq\src\stream_listener_base.hpp">
      <Filter>Source Files\libzmq</Filter>
    </ClInclude>
    <ClInclude Include="..\3rd\libzmq\src\sub.hpp">
      <Filter>Source Files\libzmq</Filter>
    </ClInclude>
    <ClInclude Include="..\3rd\libzmq\src\tcp.hpp">
      <Filter>Source Files\libzmq</Filter>
    </ClInclude>
    <ClInclude Include="..\3rd\libzmq\src\tcp_address.hpp">
      <Filter>Source Files\libzmq</Filter>
    </ClInclude>
    <ClInclude Include="..\3rd\libzmq\src\tcp_connecter.hpp">
      <Filter>Source Files\libzmq</Filter>
    </ClInclude>
    <ClInclude Include="..\3rd\libzmq\src\tcp_listener.hpp">
      <Filter>Source Files\libzmq</Filter>
    </ClInclude>
    <ClInclude Include="..\3rd\libzmq\src\thread.hpp">
      <Filter>Source Files\libzmq</Filter>
    </ClInclude>
    <ClInclude Include="..\3rd\libzmq\src\timers.hpp">
      <Filter>Source Files\libzmq</Filter>
    </ClInclude>
    <ClInclude Include="..\3rd\libzmq\src\tipc_address.hpp">
      <Filter>Source Files\libzmq</Filter>
    </ClInclude>
    <ClInclude Include="..\3rd\libzmq\src\tipc_connecter.hpp">
      <Filter>Source Files\libzmq</Filter>
    </ClInclude>
    <ClInclude Include="..\3rd\libzmq\src\tipc_listener.hpp">
      <Filter>Source Files\libzmq</Filter>
    </ClInclude>
    <ClInclude Include="..\3rd\libzmq\src\trie.hpp">
      <Filter>Source Files\libzmq</Filter>
    </ClInclude>
    <ClInclude Include="..\3rd\libzmq\src\udp_address.hpp">
      <Filter>Source Files\libzmq</Filter>
    </ClInclude>
    <ClInclude Include="..\3rd\libzmq\src\udp_engine.hpp">
      <Filter>Source Files\libzmq</Filter>
    </ClInclude>
    <ClInclude Include="..\3rd\libzmq\src\v1_decoder.hpp">
      <Filter>Source Files\libzmq</Filter>
    </ClInclude>
    <ClInclude Include="..\3rd\libzmq\src\v1_encoder.hpp">
      <Filter>Source Files\libzmq</Filter>
    </ClInclude>
    <ClInclude Include="..\3rd\libzmq\src\v2_decoder.hpp">
      <Filter>Source Files\libzmq</Filter>
    </ClInclude>
    <ClInclude Include="..\3rd\libzmq\src\v2_encoder.hpp">
      <Filter>Source Files\libzmq</Filter>
    </ClInclude>
    <ClInclude Include="..\3rd\libzmq\src\v2_protocol.hpp">
      <Filter>Source Files\libzmq</Filter>
    </ClInclude>
    <ClInclude Include="..\3rd\libzmq\src\v3_1_encoder.hpp">
      <Filter>Source Files\libzmq</Filter>
    </ClInclude>
    <ClInclude Include="..\3rd\libzmq\src\vmci.hpp">
      <Filter>Source Files\libzmq</Filter>
    </ClInclude>
    <ClInclude Include="..\3rd\libzmq\src\vmci_address.hpp">
      <Filter>Source Files\libzmq</Filter>
    </ClInclude>
    <ClInclude Include="..\3rd\libzmq\src\vmci_connecter.hpp">
      <Filter>Source Files\libzmq</Filter>
    </ClInclude>
    <ClInclude Include="..\3rd\libzmq\src\vmci_listener.hpp">
      <Filter>Source Files\libzmq</Filter>
    </ClInclude>
    <ClInclude Include="..\3rd\libzmq\src\windows.hpp">
      <Filter>Source Files\libzmq</Filter>
    </ClInclude>
    <ClInclude Include="..\3rd\libzmq\src\wire.hpp">
      <Filter>Source Files\libzmq</Filter>
    </ClInclude>
    <ClInclude Include="..\3rd\libzmq\src\wss_address.hpp">
      <Filter>Source Files\libzmq</Filter>
    </ClInclude>
    <ClInclude Include="..\3rd\libzmq\src\wss_engine.hpp">
      <Filter>Source Files\libzmq</Filter>
    </ClInclude>
    <ClInclude Include="..\3rd\libzmq\src\ws_address.hpp">
      <Filter>Source Files\libzmq</Filter>
    </ClInclude>
    <ClInclude Include="..\3rd\libzmq\src\ws_connecter.hpp">
      <Filter>Source Files\libzmq</Filter>
    </ClInclude>
    <ClInclude Include="..\3rd\libzmq\src\ws_decoder.hpp">
      <Filter>Source Files\libzmq</Filter>
    </ClInclude>
    <ClInclude Include="..\3rd\libzmq\src\ws_encoder.hpp">
      <Filter>Source Files\libzmq</Filter>
    </ClInclude>
    <ClInclude Include="..\3rd\libzmq\src\ws_engine.hpp">
      <Filter>Source Files\libzmq</Filter>
    </ClInclude>
    <ClInclude Include="..\3rd\libzmq\src\ws_listener.hpp">
      <Filter>Source Files\libzmq</Filter>
    </ClInclude>
    <ClInclude Include="..\3rd\libzmq\src\ws_protocol.hpp">
      <Filter>Source Files\libzmq</Filter>
    </ClInclude>
    <ClInclude Include="..\3rd\libzmq\src\xpub.hpp">
      <Filter>Source Files\libzmq</Filter>
    </ClInclude>
    <ClInclude Include="..\3rd\libzmq\src\xsub.hpp">
      <Filter>Source Files\libzmq</Filter>
    </ClInclude>
    <ClInclude Include="..\3rd\libzmq\src\ypipe.hpp">
      <Filter>Source Files\libzmq</Filter>
    </ClInclude>
    <ClInclude Include="..\3rd\libzmq\src\ypipe_base.hpp">
      <Filter>Source Files\libzmq</Filter>
    </ClInclude>
    <ClInclude Include="..\3rd\libzmq\src\ypipe_conflate.hpp">
      <Filter>Source Files\libzmq</Filter>
    </ClInclude>
    <ClInclude Include="..\3rd\libzmq\src\yqueue.hpp">
      <Filter>Source Files\libzmq</Filter>
    </ClInclude>
    <ClInclude Include="..\3rd\libzmq\src\zap_client.hpp">
      <Filter>Source Files\libzmq</Filter>
    </ClInclude>
    <ClInclude Include="..\3rd\libzmq\src\zmq_draft.h">
      <Filter>Source Files\libzmq</Filter>
    </ClInclude>
    <ClInclude Include="..\3rd\libzmq\src\zmtp_engine.hpp">
      <Filter>Source Files\libzmq</Filter>
    </ClInclude>
    <ClInclude Include="..\3rd\oneTBB\include\oneapi\tbb\blocked_nd_range.h">
      <Filter>Source Files\oneTBB</Filter>
    </ClInclude>
    <ClInclude Include="..\3rd\oneTBB\include\oneapi\tbb\blocked_range.h">
      <Filter>Source Files\oneTBB</Filter>
    </ClInclude>
    <ClInclude Include="..\3rd\oneTBB\include\oneapi\tbb\blocked_range2d.h">
      <Filter>Source Files\oneTBB</Filter>
    </ClInclude>
    <ClInclude Include="..\3rd\oneTBB\include\oneapi\tbb\blocked_range3d.h">
      <Filter>Source Files\oneTBB</Filter>
    </ClInclude>
    <ClInclude Include="..\3rd\oneTBB\include\oneapi\tbb\cache_aligned_allocator.h">
      <Filter>Source Files\oneTBB</Filter>
    </ClInclude>
    <ClInclude Include="..\3rd\oneTBB\include\oneapi\tbb\collaborative_call_once.h">
      <Filter>Source Files\oneTBB</Filter>
    </ClInclude>
    <ClInclude Include="..\3rd\oneTBB\include\oneapi\tbb\combinable.h">
      <Filter>Source Files\oneTBB</Filter>
    </ClInclude>
    <ClInclude Include="..\3rd\oneTBB\include\oneapi\tbb\concurrent_hash_map.h">
      <Filter>Source Files\oneTBB</Filter>
    </ClInclude>
    <ClInclude Include="..\3rd\oneTBB\include\oneapi\tbb\concurrent_lru_cache.h">
      <Filter>Source Files\oneTBB</Filter>
    </ClInclude>
    <ClInclude Include="..\3rd\oneTBB\include\oneapi\tbb\concurrent_map.h">
      <Filter>Source Files\oneTBB</Filter>
    </ClInclude>
    <ClInclude Include="..\3rd\oneTBB\include\oneapi\tbb\concurrent_priority_queue.h">
      <Filter>Source Files\oneTBB</Filter>
    </ClInclude>
    <ClInclude Include="..\3rd\oneTBB\include\oneapi\tbb\concurrent_queue.h">
      <Filter>Source Files\oneTBB</Filter>
    </ClInclude>
    <ClInclude Include="..\3rd\oneTBB\include\oneapi\tbb\concurrent_set.h">
      <Filter>Source Files\oneTBB</Filter>
    </ClInclude>
    <ClInclude Include="..\3rd\oneTBB\include\oneapi\tbb\concurrent_unordered_map.h">
      <Filter>Source Files\oneTBB</Filter>
    </ClInclude>
    <ClInclude Include="..\3rd\oneTBB\include\oneapi\tbb\concurrent_unordered_set.h">
      <Filter>Source Files\oneTBB</Filter>
    </ClInclude>
    <ClInclude Include="..\3rd\oneTBB\include\oneapi\tbb\concurrent_vector.h">
      <Filter>Source Files\oneTBB</Filter>
    </ClInclude>
    <ClInclude Include="..\3rd\oneTBB\include\oneapi\tbb\enumerable_thread_specific.h">
      <Filter>Source Files\oneTBB</Filter>
    </ClInclude>
    <ClInclude Include="..\3rd\oneTBB\include\oneapi\tbb\flow_graph.h">
      <Filter>Source Files\oneTBB</Filter>
    </ClInclude>
    <ClInclude Include="..\3rd\oneTBB\include\oneapi\tbb\flow_graph_abstractions.h">
      <Filter>Source Files\oneTBB</Filter>
    </ClInclude>
    <ClInclude Include="..\3rd\oneTBB\include\oneapi\tbb\global_control.h">
      <Filter>Source Files\oneTBB</Filter>
    </ClInclude>
    <ClInclude Include="..\3rd\oneTBB\include\oneapi\tbb\info.h">
      <Filter>Source Files\oneTBB</Filter>
    </ClInclude>
    <ClInclude Include="..\3rd\oneTBB\include\oneapi\tbb\memory_pool.h">
      <Filter>Source Files\oneTBB</Filter>
    </ClInclude>
    <ClInclude Include="..\3rd\oneTBB\include\oneapi\tbb\mutex.h">
      <Filter>Source Files\oneTBB</Filter>
    </ClInclude>
    <ClInclude Include="..\3rd\oneTBB\include\oneapi\tbb\null_mutex.h">
      <Filter>Source Files\oneTBB</Filter>
    </ClInclude>
    <ClInclude Include="..\3rd\oneTBB\include\oneapi\tbb\null_rw_mutex.h">
      <Filter>Source Files\oneTBB</Filter>
    </ClInclude>
    <ClInclude Include="..\3rd\oneTBB\include\oneapi\tbb\numa_allocation.h">
      <Filter>Source Files\oneTBB</Filter>
    </ClInclude>
    <ClInclude Include="..\3rd\oneTBB\include\oneapi\tbb\parallel_for.h">
      <Filter>Source Files\oneTBB</Filter>
    </ClInclude>
    <ClInclude Include="..\3rd\oneTBB\include\oneapi\tbb\parallel_for_each.h">
      <Filter>Source Files\oneTBB</Filter>
    </ClInclude>
    <ClInclude Include="..\3rd\oneTBB\include\oneapi\tbb\parallel_invoke.h">
      <Filter>Source Files\oneTBB</Filter>
    </ClInclude>
    <ClInclude Include="..\3rd\oneTBB\include\oneapi\tbb\parallel_pipeline.h">
      <Filter>Source Files\oneTBB</Filter>
    </ClInclude>
    <ClInclude Include="..\3rd\oneTBB\include\oneapi\tbb\parallel_reduce.h">
      <Filter>Source Files\oneTBB</Filter>
    </ClInclude>
    <ClInclude Include="..\3rd\oneTBB\include\oneapi\tbb\parallel_scan.h">
      <Filter>Source Files\oneTBB</Filter>
    </ClInclude>
    <ClInclude Include="..\3rd\oneTBB\include\oneapi\tbb\parallel_sort.h">
      <Filter>Source Files\oneTBB</Filter>
    </ClInclude>
    <ClInclude Include="..\3rd\oneTBB\include\oneapi\tbb\partitioner.h">
      <Filter>Source Files\oneTBB</Filter>
    </ClInclude>
    <ClInclude Include="..\3rd\oneTBB\include\oneapi\tbb\profiling.h">
      <Filter>Source Files\oneTBB</Filter>
    </ClInclude>
    <ClInclude Include="..\3rd\oneTBB\include\oneapi\tbb\queuing_mutex.h">
      <Filter>Source Files\oneTBB</Filter>
    </ClInclude>
    <ClInclude Include="..\3rd\oneTBB\include\oneapi\tbb\queuing_rw_mutex.h">
      <Filter>Source Files\oneTBB</Filter>
    </ClInclude>
    <ClInclude Include="..\3rd\oneTBB\include\oneapi\tbb\rw_mutex.h">
      <Filter>Source Files\oneTBB</Filter>
    </ClInclude>
    <ClInclude Include="..\3rd\oneTBB\include\oneapi\tbb\scalable_allocator.h">
      <Filter>Source Files\oneTBB</Filter>
    </ClInclude>
    <ClInclude Include="..\3rd\oneTBB\include\oneapi\tbb\spin_mutex.h">
      <Filter>Source Files\oneTBB</Filter>
    </ClInclude>
    <ClInclude Include="..\3rd\oneTBB\include\oneapi\tbb\spin_rw_mutex.h">
      <Filter>Source Files\oneTBB</Filter>
    </ClInclude>
    <ClInclude Include="..\3rd\oneTBB\include\oneapi\tbb\task.h">
      <Filter>Source Files\oneTBB</Filter>
    </ClInclude>
    <ClInclude Include="..\3rd\oneTBB\include\oneapi\tbb\task_arena.h">
      <Filter>Source Files\oneTBB</Filter>
    </ClInclude>
    <ClInclude Include="..\3rd\oneTBB\include\oneapi\tbb\task_group.h">
      <Filter>Source Files\oneTBB</Filter>
    </ClInclude>
    <ClInclude Include="..\3rd\oneTBB\include\oneapi\tbb\task_scheduler_observer.h">
      <Filter>Source Files\oneTBB</Filter>
    </ClInclude>
    <ClInclude Include="..\3rd\oneTBB\include\oneapi\tbb\tbbmalloc_proxy.h">
      <Filter>Source Files\oneTBB</Filter>
    </ClInclude>
    <ClInclude Include="..\3rd\oneTBB\include\oneapi\tbb\tbb_allocator.h">
      <Filter>Source Files\oneTBB</Filter>
    </ClInclude>
    <ClInclude Include="..\3rd\oneTBB\include\oneapi\tbb\tick_count.h">
      <Filter>Source Files\oneTBB</Filter>
    </ClInclude>
    <ClInclude Include="..\3rd\oneTBB\include\oneapi\tbb\version.h">
      <Filter>Source Files\oneTBB</Filter>
    </ClInclude>
    <ClInclude Include="..\3rd\oneTBB\include\oneapi\tbb.h">
      <Filter>Source Files\oneTBB</Filter>
    </ClInclude>
  </ItemGroup>
  <ItemGroup>
    <None Include="..\3rd\Simple-WebSocket-Server\README.md">
      <Filter>Source Files\SimpleWebsocketServer</Filter>
    </None>
    <None Include="packages.config" />
    <None Include="..\3rd\libzmq\src\libzmq.pc.in">
      <Filter>Source Files\libzmq</Filter>
    </None>
    <None Include="..\3rd\libzmq\src\libzmq.vers">
      <Filter>Source Files\libzmq</Filter>
    </None>
    <None Include="..\3rd\libzmq\src\version.rc.in">
      <Filter>Source Files\libzmq</Filter>
    </None>
  </ItemGroup>
</Project>